
Microsoft Visual Studio Solution File, Format Version 12.00
# Visual Studio Version 16
VisualStudioVersion = 16.0.30114.105
MinimumVisualStudioVersion = 10.0.40219.1
Project("{F2A71F9B-5D33-465A-A702-920D77279786}") = "Main", "Main\Main.fsproj", "{31F41A0E-32BA-4737-8FF1-F70F5450A6A9}"
EndProject
Project("{FAE04EC0-301F-11D3-BF4B-00C04F79EFBC}") = "Legacy", "Legacy\Legacy.csproj", "{A6F2C5FD-38F8-42B1-99D6-04ADE6EE9FD7}"
EndProject
Project("{F2A71F9B-5D33-465A-A702-920D77279786}") = "Main.Test", "Main.Test\Main.Test.fsproj", "{05CFEB06-C05B-4474-919B-9E7691734E3C}"
EndProject
Global
	GlobalSection(SolutionConfigurationPlatforms) = preSolution
		Debug|Any CPU = Debug|Any CPU
		Debug|x64 = Debug|x64
		Debug|x86 = Debug|x86
		Release|Any CPU = Release|Any CPU
		Release|x64 = Release|x64
		Release|x86 = Release|x86
	EndGlobalSection
	GlobalSection(SolutionProperties) = preSolution
		HideSolutionNode = FALSE
	EndGlobalSection
	GlobalSection(ProjectConfigurationPlatforms) = postSolution
		{31F41A0E-32BA-4737-8FF1-F70F5450A6A9}.Debug|Any CPU.ActiveCfg = Debug|Any CPU
		{31F41A0E-32BA-4737-8FF1-F70F5450A6A9}.Debug|Any CPU.Build.0 = Debug|Any CPU
		{31F41A0E-32BA-4737-8FF1-F70F5450A6A9}.Debug|x64.ActiveCfg = Debug|Any CPU
		{31F41A0E-32BA-4737-8FF1-F70F5450A6A9}.Debug|x64.Build.0 = Debug|Any CPU
		{31F41A0E-32BA-4737-8FF1-F70F5450A6A9}.Debug|x86.ActiveCfg = Debug|Any CPU
		{31F41A0E-32BA-4737-8FF1-F70F5450A6A9}.Debug|x86.Build.0 = Debug|Any CPU
		{31F41A0E-32BA-4737-8FF1-F70F5450A6A9}.Release|Any CPU.ActiveCfg = Release|Any CPU
		{31F41A0E-32BA-4737-8FF1-F70F5450A6A9}.Release|Any CPU.Build.0 = Release|Any CPU
		{31F41A0E-32BA-4737-8FF1-F70F5450A6A9}.Release|x64.ActiveCfg = Release|Any CPU
		{31F41A0E-32BA-4737-8FF1-F70F5450A6A9}.Release|x64.Build.0 = Release|Any CPU
		{31F41A0E-32BA-4737-8FF1-F70F5450A6A9}.Release|x86.ActiveCfg = Release|Any CPU
		{31F41A0E-32BA-4737-8FF1-F70F5450A6A9}.Release|x86.Build.0 = Release|Any CPU
		{A6F2C5FD-38F8-42B1-99D6-04ADE6EE9FD7}.Debug|Any CPU.ActiveCfg = Debug|Any CPU
		{A6F2C5FD-38F8-42B1-99D6-04ADE6EE9FD7}.Debug|Any CPU.Build.0 = Debug|Any CPU
		{A6F2C5FD-38F8-42B1-99D6-04ADE6EE9FD7}.Debug|x64.ActiveCfg = Debug|Any CPU
		{A6F2C5FD-38F8-42B1-99D6-04ADE6EE9FD7}.Debug|x64.Build.0 = Debug|Any CPU
		{A6F2C5FD-38F8-42B1-99D6-04ADE6EE9FD7}.Debug|x86.ActiveCfg = Debug|Any CPU
		{A6F2C5FD-38F8-42B1-99D6-04ADE6EE9FD7}.Debug|x86.Build.0 = Debug|Any CPU
		{A6F2C5FD-38F8-42B1-99D6-04ADE6EE9FD7}.Release|Any CPU.ActiveCfg = Release|Any CPU
		{A6F2C5FD-38F8-42B1-99D6-04ADE6EE9FD7}.Release|Any CPU.Build.0 = Release|Any CPU
		{A6F2C5FD-38F8-42B1-99D6-04ADE6EE9FD7}.Release|x64.ActiveCfg = Release|Any CPU
		{A6F2C5FD-38F8-42B1-99D6-04ADE6EE9FD7}.Release|x64.Build.0 = Release|Any CPU
		{A6F2C5FD-38F8-42B1-99D6-04ADE6EE9FD7}.Release|x86.ActiveCfg = Release|Any CPU
		{A6F2C5FD-38F8-42B1-99D6-04ADE6EE9FD7}.Release|x86.Build.0 = Release|Any CPU
		{05CFEB06-C05B-4474-919B-9E7691734E3C}.Debug|Any CPU.ActiveCfg = Debug|Any CPU
		{05CFEB06-C05B-4474-919B-9E7691734E3C}.Debug|Any CPU.Build.0 = Debug|Any CPU
		{05CFEB06-C05B-4474-919B-9E7691734E3C}.Debug|x64.ActiveCfg = Debug|Any CPU
		{05CFEB06-C05B-4474-919B-9E7691734E3C}.Debug|x64.Build.0 = Debug|Any CPU
		{05CFEB06-C05B-4474-919B-9E7691734E3C}.Debug|x86.ActiveCfg = Debug|Any CPU
		{05CFEB06-C05B-4474-919B-9E7691734E3C}.Debug|x86.Build.0 = Debug|Any CPU
		{05CFEB06-C05B-4474-919B-9E7691734E3C}.Release|Any CPU.ActiveCfg = Release|Any CPU
		{05CFEB06-C05B-4474-919B-9E7691734E3C}.Release|Any CPU.Build.0 = Release|Any CPU
		{05CFEB06-C05B-4474-919B-9E7691734E3C}.Release|x64.ActiveCfg = Release|Any CPU
		{05CFEB06-C05B-4474-919B-9E7691734E3C}.Release|x64.Build.0 = Release|Any CPU
		{05CFEB06-C05B-4474-919B-9E7691734E3C}.Release|x86.ActiveCfg = Release|Any CPU
		{05CFEB06-C05B-4474-919B-9E7691734E3C}.Release|x86.Build.0 = Release|Any CPU
	EndGlobalSection
EndGlobal
